
Microsoft Visual Studio Solution File, Format Version 12.00
# Visual Studio Version 16
VisualStudioVersion = 16.0.31729.503
MinimumVisualStudioVersion = 10.0.40219.1
Project("{FAE04EC0-301F-11D3-BF4B-00C04F79EFBC}") = "work2", "work2\work2.csproj", "{9846842A-8B9B-4DFA-B8B9-9873F7B8A3C4}"
EndProject
Global
	GlobalSection(SolutionConfigurationPlatforms) = preSolution
		Debug|Any CPU = Debug|Any CPU
		Release|Any CPU = Release|Any CPU
	EndGlobalSection
	GlobalSection(ProjectConfigurationPlatforms) = postSolution
		{9846842A-8B9B-4DFA-B8B9-9873F7B8A3C4}.Debug|Any CPU.ActiveCfg = Debug|Any CPU
		{9846842A-8B9B-4DFA-B8B9-9873F7B8A3C4}.Debug|Any CPU.Build.0 = Debug|Any CPU
		{9846842A-8B9B-4DFA-B8B9-9873F7B8A3C4}.Release|Any CPU.ActiveCfg = Release|Any CPU
		{9846842A-8B9B-4DFA-B8B9-9873F7B8A3C4}.Release|Any CPU.Build.0 = Release|Any CPU
	EndGlobalSection
	GlobalSection(SolutionProperties) = preSolution
		HideSolutionNode = FALSE
	EndGlobalSection
	GlobalSection(ExtensibilityGlobals) = postSolution
		SolutionGuid = {A000DEA5-8F54-4EB9-A50B-3281EF097C0B}
	EndGlobalSection
EndGlobal
